{
  "name": "nodejs_course",
  "version": "1.0.0",
  "lockfileVersion": 1,
  "requires": true,
  "dependencies": {
    "align-text": {
      "version": "0.1.4",
      "resolved": "https://registry.npmjs.org/align-text/-/align-text-0.1.4.tgz",
      "integrity": "sha1-DNkKVhCT810KmSVsIrcGlDP60Rc=",
      "requires": {
        "kind-of": "3.2.2",
        "longest": "1.0.1",
        "repeat-string": "1.6.1"
      }
    },
    "amdefine": {
      "version": "1.0.1",
      "resolved": "https://registry.npmjs.org/amdefine/-/amdefine-1.0.1.tgz",
      "integrity": "sha1-SlKCrBZHKek2Gbz9OtFR+BfOkfU="
    },
    "ansi-regex": {
      "version": "https://registry.npmjs.org/ansi-regex/-/ansi-regex-2.1.1.tgz",
      "integrity": "sha1-w7M6te42DYbg5ijwRorn7yfWVN8="
    },
    "async": {
      "version": "1.5.2",
      "resolved": "https://registry.npmjs.org/async/-/async-1.5.2.tgz",
      "integrity": "sha1-7GphrlZIDAw8skHJVhjiCJL5Zyo="
    },
    "axios": {
      "version": "0.17.1",
      "resolved": "https://registry.npmjs.org/axios/-/axios-0.17.1.tgz",
      "integrity": "sha1-LY4+XQvb1zJ/kbyBT1xXZg+Bgk0=",
      "requires": {
        "follow-redirects": "1.2.6",
        "is-buffer": "1.1.6"
      }
    },
    "builtin-modules": {
      "version": "https://registry.npmjs.org/builtin-modules/-/builtin-modules-1.1.1.tgz",
      "integrity": "sha1-Jw8HbFpywC9bZaR9+Uxf46J4iS8="
    },
    "camelcase": {
      "version": "https://registry.npmjs.org/camelcase/-/camelcase-3.0.0.tgz",
      "integrity": "sha1-MvxLn82vhF/N9+c7uXysImHwqwo="
    },
    "center-align": {
      "version": "0.1.3",
      "resolved": "https://registry.npmjs.org/center-align/-/center-align-0.1.3.tgz",
      "integrity": "sha1-qg0yYptu6XIgBBHL1EYckHvCt60=",
      "optional": true,
      "requires": {
        "align-text": "0.1.4",
        "lazy-cache": "1.0.4"
      }
    },
    "cliui": {
      "version": "https://registry.npmjs.org/cliui/-/cliui-3.2.0.tgz",
      "integrity": "sha1-EgYBU3qRbSmUD5NNo7SNWFo5IT0=",
      "requires": {
        "string-width": "https://registry.npmjs.org/string-width/-/string-width-1.0.2.tgz",
        "strip-ansi": "https://registry.npmjs.org/strip-ansi/-/strip-ansi-3.0.1.tgz",
        "wrap-ansi": "https://registry.npmjs.org/wrap-ansi/-/wrap-ansi-2.1.0.tgz"
      }
    },
    "code-point-at": {
      "version": "https://registry.npmjs.org/code-point-at/-/code-point-at-1.1.0.tgz",
      "integrity": "sha1-DQcLTQQ6W+ozovGkDi7bPZpMz3c="
    },
    "debug": {
      "version": "3.1.0",
      "resolved": "https://registry.npmjs.org/debug/-/debug-3.1.0.tgz",
      "integrity": "sha512-OX8XqP7/1a9cqkxYw2yXss15f26NKWBpDXQd0/uK/KPqdQhxbPa994hnzjcE2VqQpDslf55723cKPUOGSmMY3g==",
      "requires": {
        "ms": "2.0.0"
      }
    },
    "decamelize": {
      "version": "https://registry.npmjs.org/decamelize/-/decamelize-1.2.0.tgz",
      "integrity": "sha1-9lNNFRSCabIDUue+4m9QH5oZEpA="
    },
    "error-ex": {
      "version": "https://registry.npmjs.org/error-ex/-/error-ex-1.3.1.tgz",
      "integrity": "sha1-+FWobOYa3E6GIcPNoh56dhLDqNw=",
      "requires": {
        "is-arrayish": "https://registry.npmjs.org/is-arrayish/-/is-arrayish-0.2.1.tgz"
      }
    },
    "find-up": {
      "version": "https://registry.npmjs.org/find-up/-/find-up-1.1.2.tgz",
      "integrity": "sha1-ay6YIrGizgpgq2TWEOzK1TyyTQ8=",
      "requires": {
        "path-exists": "https://registry.npmjs.org/path-exists/-/path-exists-2.1.0.tgz",
        "pinkie-promise": "https://registry.npmjs.org/pinkie-promise/-/pinkie-promise-2.0.1.tgz"
      }
    },
    "follow-redirects": {
      "version": "1.2.6",
      "resolved": "https://registry.npmjs.org/follow-redirects/-/follow-redirects-1.2.6.tgz",
      "integrity": "sha512-FrMqZ/FONtHnbqO651UPpfRUVukIEwJhXMfdr/JWAmrDbeYBu773b1J6gdWDyRIj4hvvzQEHoEOTrdR8o6KLYA==",
      "requires": {
        "debug": "3.1.0"
      }
    },
    "foreachasync": {
      "version": "3.0.0",
      "resolved": "https://registry.npmjs.org/foreachasync/-/foreachasync-3.0.0.tgz",
      "integrity": "sha1-VQKYfchxS+M5IJfzLgBxyd7gfPY="
    },
    "fs": {
      "version": "0.0.1-security",
      "resolved": "https://registry.npmjs.org/fs/-/fs-0.0.1-security.tgz",
      "integrity": "sha1-invTcYa23d84E/I4WLV+yq9eQdQ="
    },
    "graceful-fs": {
      "version": "https://registry.npmjs.org/graceful-fs/-/graceful-fs-4.1.11.tgz",
      "integrity": "sha1-Dovf5NHduIVNZOBOp8AOKgJuVlg="
    },
    "handlebars": {
      "version": "4.0.5",
      "resolved": "https://registry.npmjs.org/handlebars/-/handlebars-4.0.5.tgz",
      "integrity": "sha1-ksbta7FkEQxQ1NjQ+93HCAbG+Oc=",
      "requires": {
        "async": "1.5.2",
        "optimist": "0.6.1",
        "source-map": "0.4.4",
        "uglify-js": "2.8.29"
      }
    },
    "hbs": {
      "version": "4.0.1",
      "resolved": "https://registry.npmjs.org/hbs/-/hbs-4.0.1.tgz",
      "integrity": "sha1-S/2YZQ3IydrESzyprfnAmOi8M7Y=",
      "requires": {
        "handlebars": "4.0.5",
        "walk": "2.3.9"
      }
    },
    "hosted-git-info": {
      "version": "https://registry.npmjs.org/hosted-git-info/-/hosted-git-info-2.5.0.tgz",
      "integrity": "sha1-bWDjSzq7yDEwYsO3mO+NkBoHrzw="
    },
    "invert-kv": {
      "version": "https://registry.npmjs.org/invert-kv/-/invert-kv-1.0.0.tgz",
      "integrity": "sha1-EEqOSqym09jNFXqO+L+rLXo//bY="
    },
    "is-arrayish": {
      "version": "https://registry.npmjs.org/is-arrayish/-/is-arrayish-0.2.1.tgz",
      "integrity": "sha1-d8mYQFJ6qOyxqLppe4BkWnqSap0="
    },
    "is-buffer": {
      "version": "1.1.6",
      "resolved": "https://registry.npmjs.org/is-buffer/-/is-buffer-1.1.6.tgz",
      "integrity": "sha512-NcdALwpXkTm5Zvvbk7owOUSvVvBKDgKP5/ewfXEznmQFfs4ZRmanOeKBTjRVjka3QFoN6XJ+9F3USqfHqTaU5w=="
    },
    "is-builtin-module": {
      "version": "https://registry.npmjs.org/is-builtin-module/-/is-builtin-module-1.0.0.tgz",
      "integrity": "sha1-VAVy0096wxGfj3bDDLwbHgN6/74=",
      "requires": {
        "builtin-modules": "https://registry.npmjs.org/builtin-modules/-/builtin-modules-1.1.1.tgz"
      }
    },
    "is-fullwidth-code-point": {
      "version": "https://registry.npmjs.org/is-fullwidth-code-point/-/is-fullwidth-code-point-1.0.0.tgz",
      "integrity": "sha1-754xOG8DGn8NZDr4L95QxFfvAMs=",
      "requires": {
        "number-is-nan": "https://registry.npmjs.org/number-is-nan/-/number-is-nan-1.0.1.tgz"
      }
    },
    "is-utf8": {
      "version": "https://registry.npmjs.org/is-utf8/-/is-utf8-0.2.1.tgz",
      "integrity": "sha1-Sw2hRCEE0bM2NA6AeX6GXPOffXI="
    },
    "kind-of": {
      "version": "3.2.2",
      "resolved": "https://registry.npmjs.org/kind-of/-/kind-of-3.2.2.tgz",
      "integrity": "sha1-MeohpzS6ubuw8yRm2JOupR5KPGQ=",
      "requires": {
        "is-buffer": "1.1.6"
      }
    },
    "lazy-cache": {
      "version": "1.0.4",
      "resolved": "https://registry.npmjs.org/lazy-cache/-/lazy-cache-1.0.4.tgz",
      "integrity": "sha1-odePw6UEdMuAhF07O24dpJpEbo4=",
      "optional": true
    },
    "lcid": {
      "version": "https://registry.npmjs.org/lcid/-/lcid-1.0.0.tgz",
      "integrity": "sha1-MIrMr6C8SDo4Z7S28rlQYlHRuDU=",
      "requires": {
        "invert-kv": "https://registry.npmjs.org/invert-kv/-/invert-kv-1.0.0.tgz"
      }
    },
    "load-json-file": {
      "version": "https://registry.npmjs.org/load-json-file/-/load-json-file-1.1.0.tgz",
      "integrity": "sha1-lWkFcI1YtLq0wiYbBPWfMcmTdMA=",
      "requires": {
        "graceful-fs": "https://registry.npmjs.org/graceful-fs/-/graceful-fs-4.1.11.tgz",
        "parse-json": "https://registry.npmjs.org/parse-json/-/parse-json-2.2.0.tgz",
        "pify": "https://registry.npmjs.org/pify/-/pify-2.3.0.tgz",
        "pinkie-promise": "https://registry.npmjs.org/pinkie-promise/-/pinkie-promise-2.0.1.tgz",
        "strip-bom": "https://registry.npmjs.org/strip-bom/-/strip-bom-2.0.0.tgz"
      }
    },
    "lodash": {
      "version": "https://registry.npmjs.org/lodash/-/lodash-4.17.4.tgz",
      "integrity": "sha1-eCA6TRwyiuHYbcpkYONptX9AVa4="
    },
    "lodash.assign": {
      "version": "https://registry.npmjs.org/lodash.assign/-/lodash.assign-4.2.0.tgz",
      "integrity": "sha1-DZnzzNem0mHRm9rrkkUAXShYCOc="
    },
    "longest": {
      "version": "1.0.1",
      "resolved": "https://registry.npmjs.org/longest/-/longest-1.0.1.tgz",
      "integrity": "sha1-MKCy2jj3N3DoKUoNIuZiXtd9AJc="
    },
    "minimist": {
      "version": "0.0.10",
      "resolved": "https://registry.npmjs.org/minimist/-/minimist-0.0.10.tgz",
      "integrity": "sha1-3j+YVD2/lggr5IrRoMfNqDYwHc8="
    },
    "ms": {
      "version": "2.0.0",
      "resolved": "https://registry.npmjs.org/ms/-/ms-2.0.0.tgz",
      "integrity": "sha1-VgiurfwAvmwpAd9fmGF4jeDVl8g="
    },
    "normalize-package-data": {
      "version": "https://registry.npmjs.org/normalize-package-data/-/normalize-package-data-2.4.0.tgz",
      "integrity": "sha1-EvlaMH1YNSB1oEkHuErIvpisAS8=",
      "requires": {
        "hosted-git-info": "https://registry.npmjs.org/hosted-git-info/-/hosted-git-info-2.5.0.tgz",
        "is-builtin-module": "https://registry.npmjs.org/is-builtin-module/-/is-builtin-module-1.0.0.tgz",
        "semver": "https://registry.npmjs.org/semver/-/semver-5.4.1.tgz",
        "validate-npm-package-license": "https://registry.npmjs.org/validate-npm-package-license/-/validate-npm-package-license-3.0.1.tgz"
      }
    },
    "number-is-nan": {
      "version": "https://registry.npmjs.org/number-is-nan/-/number-is-nan-1.0.1.tgz",
      "integrity": "sha1-CXtgK1NCKlIsGvuHkDGDNpQaAR0="
    },
    "object-assign": {
      "version": "https://registry.npmjs.org/object-assign/-/object-assign-4.1.1.tgz",
      "integrity": "sha1-IQmtx5ZYh8/AXLvUQsrIv7s2CGM="
    },
    "optimist": {
      "version": "0.6.1",
      "resolved": "https://registry.npmjs.org/optimist/-/optimist-0.6.1.tgz",
      "integrity": "sha1-2j6nRob6IaGaERwybpDrFaAZZoY=",
      "requires": {
        "minimist": "0.0.10",
        "wordwrap": "0.0.3"
      }
    },
    "os-locale": {
      "version": "https://registry.npmjs.org/os-locale/-/os-locale-1.4.0.tgz",
      "integrity": "sha1-IPnxeuKe00XoveWDsT0gCYA8FNk=",
      "requires": {
        "lcid": "https://registry.npmjs.org/lcid/-/lcid-1.0.0.tgz"
      }
    },
    "parse-json": {
      "version": "https://registry.npmjs.org/parse-json/-/parse-json-2.2.0.tgz",
      "integrity": "sha1-9ID0BDTvgHQfhGkJn43qGPVaTck=",
      "requires": {
        "error-ex": "https://registry.npmjs.org/error-ex/-/error-ex-1.3.1.tgz"
      }
    },
    "path-exists": {
      "version": "https://registry.npmjs.org/path-exists/-/path-exists-2.1.0.tgz",
      "integrity": "sha1-D+tsZPD8UY2adU3V77YscCJ2H0s=",
      "requires": {
        "pinkie-promise": "https://registry.npmjs.org/pinkie-promise/-/pinkie-promise-2.0.1.tgz"
      }
    },
    "path-type": {
      "version": "https://registry.npmjs.org/path-type/-/path-type-1.1.0.tgz",
      "integrity": "sha1-WcRPfuSR2nBNpBXaWkBwuk+P5EE=",
      "requires": {
        "graceful-fs": "https://registry.npmjs.org/graceful-fs/-/graceful-fs-4.1.11.tgz",
        "pify": "https://registry.npmjs.org/pify/-/pify-2.3.0.tgz",
        "pinkie-promise": "https://registry.npmjs.org/pinkie-promise/-/pinkie-promise-2.0.1.tgz"
      }
    },
    "pify": {
      "version": "https://registry.npmjs.org/pify/-/pify-2.3.0.tgz",
      "integrity": "sha1-7RQaasBDqEnqWISY59yosVMw6Qw="
    },
    "pinkie": {
      "version": "https://registry.npmjs.org/pinkie/-/pinkie-2.0.4.tgz",
      "integrity": "sha1-clVrgM+g1IqXToDnckjoDtT3+HA="
    },
    "pinkie-promise": {
      "version": "https://registry.npmjs.org/pinkie-promise/-/pinkie-promise-2.0.1.tgz",
      "integrity": "sha1-ITXW36ejWMBprJsXh3YogihFD/o=",
      "requires": {
        "pinkie": "https://registry.npmjs.org/pinkie/-/pinkie-2.0.4.tgz"
      }
    },
    "pkg-conf": {
      "version": "https://registry.npmjs.org/pkg-conf/-/pkg-conf-1.1.3.tgz",
      "integrity": "sha1-N45W1v0T6Iv7b0ol33qD+qvduls=",
      "requires": {
        "find-up": "https://registry.npmjs.org/find-up/-/find-up-1.1.2.tgz",
        "load-json-file": "https://registry.npmjs.org/load-json-file/-/load-json-file-1.1.0.tgz",
        "object-assign": "https://registry.npmjs.org/object-assign/-/object-assign-4.1.1.tgz",
        "symbol": "https://registry.npmjs.org/symbol/-/symbol-0.2.3.tgz"
      }
    },
    "read-pkg": {
      "version": "https://registry.npmjs.org/read-pkg/-/read-pkg-1.1.0.tgz",
      "integrity": "sha1-9f+qXs0pyzHAR0vKfXVra7KePyg=",
      "requires": {
        "load-json-file": "https://registry.npmjs.org/load-json-file/-/load-json-file-1.1.0.tgz",
        "normalize-package-data": "https://registry.npmjs.org/normalize-package-data/-/normalize-package-data-2.4.0.tgz",
        "path-type": "https://registry.npmjs.org/path-type/-/path-type-1.1.0.tgz"
      }
    },
    "read-pkg-up": {
      "version": "https://registry.npmjs.org/read-pkg-up/-/read-pkg-up-1.0.1.tgz",
      "integrity": "sha1-nWPBMnbAZZGNV/ACpX9AobZD+wI=",
      "requires": {
        "find-up": "https://registry.npmjs.org/find-up/-/find-up-1.1.2.tgz",
        "read-pkg": "https://registry.npmjs.org/read-pkg/-/read-pkg-1.1.0.tgz"
      }
    },
    "repeat-string": {
      "version": "1.6.1",
      "resolved": "https://registry.npmjs.org/repeat-string/-/repeat-string-1.6.1.tgz",
      "integrity": "sha1-jcrkcOHIirwtYA//Sndihtp15jc="
    },
    "require-main-filename": {
      "version": "https://registry.npmjs.org/require-main-filename/-/require-main-filename-1.0.1.tgz",
      "integrity": "sha1-l/cXtp1IeE9fUmpsWqj/3aBVpNE="
    },
    "right-align": {
      "version": "0.1.3",
      "resolved": "https://registry.npmjs.org/right-align/-/right-align-0.1.3.tgz",
      "integrity": "sha1-YTObci/mo1FWiSENJOFMlhSGE+8=",
      "optional": true,
      "requires": {
        "align-text": "0.1.4"
      }
    },
    "semver": {
      "version": "https://registry.npmjs.org/semver/-/semver-5.4.1.tgz",
      "integrity": "sha1-4FnAnYVx8FQII3M0M1BdOi8AsY4="
    },
    "set-blocking": {
      "version": "https://registry.npmjs.org/set-blocking/-/set-blocking-1.0.0.tgz",
      "integrity": "sha1-zV5dk4BI3xrJLf6S4fFq3WVvXsU="
    },
    "source-map": {
      "version": "0.4.4",
      "resolved": "https://registry.npmjs.org/source-map/-/source-map-0.4.4.tgz",
      "integrity": "sha1-66T12pwNyZneaAMti092FzZSA2s=",
      "requires": {
        "amdefine": "1.0.1"
      }
    },
    "spdx-correct": {
      "version": "https://registry.npmjs.org/spdx-correct/-/spdx-correct-1.0.2.tgz",
      "integrity": "sha1-SzBz2TP/UfORLwOsVRlJikFQ20A=",
      "requires": {
        "spdx-license-ids": "https://registry.npmjs.org/spdx-license-ids/-/spdx-license-ids-1.2.2.tgz"
      }
    },
    "spdx-expression-parse": {
      "version": "https://registry.npmjs.org/spdx-expression-parse/-/spdx-expression-parse-1.0.4.tgz",
      "integrity": "sha1-m98vIOH0DtRH++JzJmGR/O1RYmw="
    },
    "spdx-license-ids": {
      "version": "https://registry.npmjs.org/spdx-license-ids/-/spdx-license-ids-1.2.2.tgz",
      "integrity": "sha1-yd96NCRZSt5r0RkA1ZZpbcBrrFc="
    },
    "string-width": {
      "version": "https://registry.npmjs.org/string-width/-/string-width-1.0.2.tgz",
      "integrity": "sha1-EYvfW4zcUaKn5w0hHgfisLmxB9M=",
      "requires": {
        "code-point-at": "https://registry.npmjs.org/code-point-at/-/code-point-at-1.1.0.tgz",
        "is-fullwidth-code-point": "https://registry.npmjs.org/is-fullwidth-code-point/-/is-fullwidth-code-point-1.0.0.tgz",
        "strip-ansi": "https://registry.npmjs.org/strip-ansi/-/strip-ansi-3.0.1.tgz"
      }
    },
    "strip-ansi": {
      "version": "https://registry.npmjs.org/strip-ansi/-/strip-ansi-3.0.1.tgz",
      "integrity": "sha1-ajhfuIU9lS1f8F0Oiq+UJ43GPc8=",
      "requires": {
        "ansi-regex": "https://registry.npmjs.org/ansi-regex/-/ansi-regex-2.1.1.tgz"
      }
    },
    "strip-bom": {
      "version": "https://registry.npmjs.org/strip-bom/-/strip-bom-2.0.0.tgz",
      "integrity": "sha1-YhmoVhZSBJHzV4i9vxRHqZx+aw4=",
      "requires": {
        "is-utf8": "https://registry.npmjs.org/is-utf8/-/is-utf8-0.2.1.tgz"
      }
    },
    "symbol": {
      "version": "https://registry.npmjs.org/symbol/-/symbol-0.2.3.tgz",
      "integrity": "sha1-O5hzuKkB5Hxu/iFSajrDcu8ou8c="
    },
    "uglify-js": {
      "version": "2.8.29",
      "resolved": "https://registry.npmjs.org/uglify-js/-/uglify-js-2.8.29.tgz",
      "integrity": "sha1-KcVzMUgFe7Th913zW3qcty5qWd0=",
      "optional": true,
      "requires": {
        "source-map": "0.5.7",
        "uglify-to-browserify": "1.0.2",
        "yargs": "3.10.0"
      },
      "dependencies": {
        "camelcase": {
          "version": "1.2.1",
          "resolved": "https://registry.npmjs.org/camelcase/-/camelcase-1.2.1.tgz",
          "integrity": "sha1-m7UwTS4LVmmLLHWLCKPqqdqlijk=",
          "optional": true
        },
        "cliui": {
          "version": "2.1.0",
          "resolved": "https://registry.npmjs.org/cliui/-/cliui-2.1.0.tgz",
          "integrity": "sha1-S0dXYP+AJkx2LDoXGQMukcf+oNE=",
          "optional": true,
          "requires": {
            "center-align": "0.1.3",
            "right-align": "0.1.3",
            "wordwrap": "0.0.2"
          }
        },
        "source-map": {
          "version": "0.5.7",
          "resolved": "https://registry.npmjs.org/source-map/-/source-map-0.5.7.tgz",
          "integrity": "sha1-igOdLRAh0i0eoUyA2OpGi6LvP8w=",
          "optional": true
        },
        "window-size": {
          "version": "0.1.0",
          "resolved": "https://registry.npmjs.org/window-size/-/window-size-0.1.0.tgz",
          "integrity": "sha1-VDjNLqk7IC76Ohn+iIeu58lPnJ0=",
          "optional": true
        },
        "wordwrap": {
          "version": "0.0.2",
          "resolved": "https://registry.npmjs.org/wordwrap/-/wordwrap-0.0.2.tgz",
          "integrity": "sha1-t5Zpu0LstAn4PVg8rVLKF+qhZD8=",
          "optional": true
        },
        "yargs": {
          "version": "3.10.0",
          "resolved": "https://registry.npmjs.org/yargs/-/yargs-3.10.0.tgz",
          "integrity": "sha1-9+572FfdfB0tOMDnTvvWgdFDH9E=",
          "optional": true,
          "requires": {
            "camelcase": "1.2.1",
            "cliui": "2.1.0",
            "decamelize": "https://registry.npmjs.org/decamelize/-/decamelize-1.2.0.tgz",
            "window-size": "0.1.0"
          }
        }
      }
    },
    "uglify-to-browserify": {
      "version": "1.0.2",
      "resolved": "https://registry.npmjs.org/uglify-to-browserify/-/uglify-to-browserify-1.0.2.tgz",
      "integrity": "sha1-bgkk1r2mta/jSeOabWMoUKD4grc=",
      "optional": true
    },
    "validate-npm-package-license": {
      "version": "https://registry.npmjs.org/validate-npm-package-license/-/validate-npm-package-license-3.0.1.tgz",
      "integrity": "sha1-KAS6vnEq0zeUWaz74kdGqywwP7w=",
      "requires": {
        "spdx-correct": "https://registry.npmjs.org/spdx-correct/-/spdx-correct-1.0.2.tgz",
        "spdx-expression-parse": "https://registry.npmjs.org/spdx-expression-parse/-/spdx-expression-parse-1.0.4.tgz"
      }
    },
    "walk": {
      "version": "2.3.9",
      "resolved": "https://registry.npmjs.org/walk/-/walk-2.3.9.tgz",
      "integrity": "sha1-MbTbZnjyrgHDnqn7hyWpAx5Vins=",
      "requires": {
        "foreachasync": "3.0.0"
      }
    },
    "window-size": {
      "version": "https://registry.npmjs.org/window-size/-/window-size-0.2.0.tgz",
      "integrity": "sha1-tDFbtCFKPXBY6+7okuE/ok2YsHU="
    },
    "wordwrap": {
      "version": "0.0.3",
      "resolved": "https://registry.npmjs.org/wordwrap/-/wordwrap-0.0.3.tgz",
      "integrity": "sha1-o9XabNXAvAAI03I0u68b7WMFkQc="
    },
    "wrap-ansi": {
      "version": "https://registry.npmjs.org/wrap-ansi/-/wrap-ansi-2.1.0.tgz",
      "integrity": "sha1-2Pw9KE3QV5T+hJc8rs3Rz4JP3YU=",
      "requires": {
        "string-width": "https://registry.npmjs.org/string-width/-/string-width-1.0.2.tgz",
        "strip-ansi": "https://registry.npmjs.org/strip-ansi/-/strip-ansi-3.0.1.tgz"
      }
    },
    "y18n": {
      "version": "https://registry.npmjs.org/y18n/-/y18n-3.2.1.tgz",
      "integrity": "sha1-bRX7qITAhnnA136I53WegR4H+kE="
    },
    "yargs": {
      "version": "https://registry.npmjs.org/yargs/-/yargs-4.7.1.tgz",
      "integrity": "sha1-5gQyZYozh/8mnAKOrN5KUS5Djf8=",
      "requires": {
        "camelcase": "https://registry.npmjs.org/camelcase/-/camelcase-3.0.0.tgz",
        "cliui": "https://registry.npmjs.org/cliui/-/cliui-3.2.0.tgz",
        "decamelize": "https://registry.npmjs.org/decamelize/-/decamelize-1.2.0.tgz",
        "lodash.assign": "https://registry.npmjs.org/lodash.assign/-/lodash.assign-4.2.0.tgz",
        "os-locale": "https://registry.npmjs.org/os-locale/-/os-locale-1.4.0.tgz",
        "pkg-conf": "https://registry.npmjs.org/pkg-conf/-/pkg-conf-1.1.3.tgz",
        "read-pkg-up": "https://registry.npmjs.org/read-pkg-up/-/read-pkg-up-1.0.1.tgz",
        "require-main-filename": "https://registry.npmjs.org/require-main-filename/-/require-main-filename-1.0.1.tgz",
        "set-blocking": "https://registry.npmjs.org/set-blocking/-/set-blocking-1.0.0.tgz",
        "string-width": "https://registry.npmjs.org/string-width/-/string-width-1.0.2.tgz",
        "window-size": "https://registry.npmjs.org/window-size/-/window-size-0.2.0.tgz",
        "y18n": "https://registry.npmjs.org/y18n/-/y18n-3.2.1.tgz",
        "yargs-parser": "https://registry.npmjs.org/yargs-parser/-/yargs-parser-2.4.1.tgz"
      }
    },
    "yargs-parser": {
      "version": "https://registry.npmjs.org/yargs-parser/-/yargs-parser-2.4.1.tgz",
      "integrity": "sha1-hVaN488VD/SfpRgl8DqMiA3cxcQ=",
      "requires": {
        "camelcase": "https://registry.npmjs.org/camelcase/-/camelcase-3.0.0.tgz",
        "lodash.assign": "https://registry.npmjs.org/lodash.assign/-/lodash.assign-4.2.0.tgz"
      }
    }
  }
}
